
Microsoft Visual Studio Solution File, Format Version 12.00
# Visual Studio Version 16
VisualStudioVersion = 16.0.30413.136
MinimumVisualStudioVersion = 10.0.40219.1
Project("{FAE04EC0-301F-11D3-BF4B-00C04F79EFBC}") = "Elo calculator", "Elo calculator.csproj", "{37320EA6-6E02-464F-91B2-D62AB2485C34}"
EndProject
Global
	GlobalSection(SolutionConfigurationPlatforms) = preSolution
		Debug|Any CPU = Debug|Any CPU
		Release|Any CPU = Release|Any CPU
	EndGlobalSection
	GlobalSection(ProjectConfigurationPlatforms) = postSolution
		{37320EA6-6E02-464F-91B2-D62AB2485C34}.Debug|Any CPU.ActiveCfg = Debug|Any CPU
		{37320EA6-6E02-464F-91B2-D62AB2485C34}.Debug|Any CPU.Build.0 = Debug|Any CPU
		{37320EA6-6E02-464F-91B2-D62AB2485C34}.Release|Any CPU.ActiveCfg = Release|Any CPU
		{37320EA6-6E02-464F-91B2-D62AB2485C34}.Release|Any CPU.Build.0 = Release|Any CPU
	EndGlobalSection
	GlobalSection(SolutionProperties) = preSolution
		HideSolutionNode = FALSE
	EndGlobalSection
	GlobalSection(ExtensibilityGlobals) = postSolution
		SolutionGuid = {E69118A5-D495-4846-AF08-873F59DD4021}
	EndGlobalSection
EndGlobal
